Microsoft Visual Studio Solution File, Format Version 11.00
# Visual Studio 2008

Project("{A34A8054-72BA-40EA-E9B8-8AA4BF6E721A}") = "Breach Day", "Assembly-CSharp-firstpass.csproj", "{DD443F4D-20DF-36DB-CADB-367D0990F440}"
EndProject
Project("{A34A8054-72BA-40EA-E9B8-8AA4BF6E721A}") = "Breach Day", "Assembly-CSharp.csproj", "{45F89A43-38ED-EBC8-8076-61F84BD2FF56}"
EndProject
Project("{A34A8054-72BA-40EA-E9B8-8AA4BF6E721A}") = "Breach Day", "Assembly-CSharp-Editor.csproj", "{9AE1F213-2FC4-CB25-E817-BBDDE6666F16}"
EndProject
Project("{A34A8054-72BA-40EA-E9B8-8AA4BF6E721A}") = "Breach Day", "Assembly-UnityScript-firstpass.unityproj", "{A8CE1059-17E7-FCE4-024D-2CF224EC071B}"
EndProject
Project("{A34A8054-72BA-40EA-E9B8-8AA4BF6E721A}") = "Breach Day", "Assembly-UnityScript-Editor.unityproj", "{5E1C88FB-CC49-645D-369A-8F6237509F1C}"
EndProject
Global
	GlobalSection(SolutionConfigurationPlatforms) = preSolution
		Debug|Any CPU = Debug|Any CPU
		Release|Any CPU = Release|Any CPU
	EndGlobalSection
	GlobalSection(ProjectConfigurationPlatforms) = postSolution
		{DD443F4D-20DF-36DB-CADB-367D0990F440}.Debug|Any CPU.ActiveCfg = Debug|Any CPU
		{DD443F4D-20DF-36DB-CADB-367D0990F440}.Debug|Any CPU.Build.0 = Debug|Any CPU
		{DD443F4D-20DF-36DB-CADB-367D0990F440}.Release|Any CPU.ActiveCfg = Release|Any CPU
		{DD443F4D-20DF-36DB-CADB-367D0990F440}.Release|Any CPU.Build.0 = Release|Any CPU
		{45F89A43-38ED-EBC8-8076-61F84BD2FF56}.Debug|Any CPU.ActiveCfg = Debug|Any CPU
		{45F89A43-38ED-EBC8-8076-61F84BD2FF56}.Debug|Any CPU.Build.0 = Debug|Any CPU
		{45F89A43-38ED-EBC8-8076-61F84BD2FF56}.Release|Any CPU.ActiveCfg = Release|Any CPU
		{45F89A43-38ED-EBC8-8076-61F84BD2FF56}.Release|Any CPU.Build.0 = Release|Any CPU
		{9AE1F213-2FC4-CB25-E817-BBDDE6666F16}.Debug|Any CPU.ActiveCfg = Debug|Any CPU
		{9AE1F213-2FC4-CB25-E817-BBDDE6666F16}.Debug|Any CPU.Build.0 = Debug|Any CPU
		{9AE1F213-2FC4-CB25-E817-BBDDE6666F16}.Release|Any CPU.ActiveCfg = Release|Any CPU
		{9AE1F213-2FC4-CB25-E817-BBDDE6666F16}.Release|Any CPU.Build.0 = Release|Any CPU
		{A8CE1059-17E7-FCE4-024D-2CF224EC071B}.Debug|Any CPU.ActiveCfg = Debug|Any CPU
		{A8CE1059-17E7-FCE4-024D-2CF224EC071B}.Debug|Any CPU.Build.0 = Debug|Any CPU
		{A8CE1059-17E7-FCE4-024D-2CF224EC071B}.Release|Any CPU.ActiveCfg = Release|Any CPU
		{A8CE1059-17E7-FCE4-024D-2CF224EC071B}.Release|Any CPU.Build.0 = Release|Any CPU
		{5E1C88FB-CC49-645D-369A-8F6237509F1C}.Debug|Any CPU.ActiveCfg = Debug|Any CPU
		{5E1C88FB-CC49-645D-369A-8F6237509F1C}.Debug|Any CPU.Build.0 = Debug|Any CPU
		{5E1C88FB-CC49-645D-369A-8F6237509F1C}.Release|Any CPU.ActiveCfg = Release|Any CPU
		{5E1C88FB-CC49-645D-369A-8F6237509F1C}.Release|Any CPU.Build.0 = Release|Any CPU
	EndGlobalSection
	GlobalSection(SolutionProperties) = preSolution
		HideSolutionNode = FALSE
	EndGlobalSection
																																																																																										GlobalSection(MonoDevelopProperties) = preSolution
		StartupItem = Assembly-CSharp.csproj
		Policies = $0
		$0.TextStylePolicy = $1
		$1.inheritsSet = null
		$1.scope = text/x-csharp
		$0.CSharpFormattingPolicy = $2
		$2.inheritsSet = Mono
		$2.inheritsScope = text/x-csharp
		$2.scope = text/x-csharp
		$0.TextStylePolicy = $3
		$3.FileWidth = 120
		$3.TabWidth = 4
		$3.EolMarker = Unix
		$3.inheritsSet = Mono
		$3.inheritsScope = text/plain
		$3.scope = text/plain
	EndGlobalSection

EndGlobal
